
Microsoft Visual Studio Solution File, Format Version 12.00
# Visual Studio 15
VisualStudioVersion = 15.0.26403.7
MinimumVisualStudioVersion = 10.0.40219.1
Project("{FAE04EC0-301F-11D3-BF4B-00C04F79EFBC}") = "Unmark.Core", "Unmark.Core\Unmark.Core.csproj", "{8C55E8A6-56B3-4F03-87D8-8939C78E3CF7}"
EndProject
Project("{FAE04EC0-301F-11D3-BF4B-00C04F79EFBC}") = "Unmark", "Unmark\Unmark.csproj", "{EC1BCE56-7D4F-48A3-B0AB-BD1DFF8C00AF}"
EndProject
Project("{FAE04EC0-301F-11D3-BF4B-00C04F79EFBC}") = "Unmark.Tests", "Unmark.Tests\Unmark.Tests.csproj", "{07A83D66-708B-4DC9-AF21-3CCA4AF4E0A8}"
EndProject
Project("{FAE04EC0-301F-11D3-BF4B-00C04F79EFBC}") = "Unmark.Web", "Unmark.Web\Unmark.Web.csproj", "{1982A503-CA88-4091-8DF8-7598A15779DF}"
EndProject
Global
	GlobalSection(SolutionConfigurationPlatforms) = preSolution
		Debug|Any CPU = Debug|Any CPU
		Release|Any CPU = Release|Any CPU
	EndGlobalSection
	GlobalSection(ProjectConfigurationPlatforms) = postSolution
		{8C55E8A6-56B3-4F03-87D8-8939C78E3CF7}.Debug|Any CPU.ActiveCfg = Debug|Any CPU
		{8C55E8A6-56B3-4F03-87D8-8939C78E3CF7}.Debug|Any CPU.Build.0 = Debug|Any CPU
		{8C55E8A6-56B3-4F03-87D8-8939C78E3CF7}.Release|Any CPU.ActiveCfg = Release|Any CPU
		{8C55E8A6-56B3-4F03-87D8-8939C78E3CF7}.Release|Any CPU.Build.0 = Release|Any CPU
		{EC1BCE56-7D4F-48A3-B0AB-BD1DFF8C00AF}.Debug|Any CPU.ActiveCfg = Debug|Any CPU
		{EC1BCE56-7D4F-48A3-B0AB-BD1DFF8C00AF}.Debug|Any CPU.Build.0 = Debug|Any CPU
		{EC1BCE56-7D4F-48A3-B0AB-BD1DFF8C00AF}.Release|Any CPU.ActiveCfg = Release|Any CPU
		{EC1BCE56-7D4F-48A3-B0AB-BD1DFF8C00AF}.Release|Any CPU.Build.0 = Release|Any CPU
		{07A83D66-708B-4DC9-AF21-3CCA4AF4E0A8}.Debug|Any CPU.ActiveCfg = Debug|Any CPU
		{07A83D66-708B-4DC9-AF21-3CCA4AF4E0A8}.Debug|Any CPU.Build.0 = Debug|Any CPU
		{07A83D66-708B-4DC9-AF21-3CCA4AF4E0A8}.Release|Any CPU.ActiveCfg = Release|Any CPU
		{07A83D66-708B-4DC9-AF21-3CCA4AF4E0A8}.Release|Any CPU.Build.0 = Release|Any CPU
		{1982A503-CA88-4091-8DF8-7598A15779DF}.Debug|Any CPU.ActiveCfg = Debug|Any CPU
		{1982A503-CA88-4091-8DF8-7598A15779DF}.Debug|Any CPU.Build.0 = Debug|Any CPU
		{1982A503-CA88-4091-8DF8-7598A15779DF}.Release|Any CPU.ActiveCfg = Release|Any CPU
		{1982A503-CA88-4091-8DF8-7598A15779DF}.Release|Any CPU.Build.0 = Release|Any CPU
	EndGlobalSection
	GlobalSection(SolutionProperties) = preSolution
		HideSolutionNode = FALSE
	EndGlobalSection
EndGlobal
